
Microsoft Visual Studio Solution File, Format Version 12.00
# Visual Studio Version 17
VisualStudioVersion = 17.4.33205.214
MinimumVisualStudioVersion = 10.0.40219.1
Project("{9A19103F-16F7-4668-BE54-9A1E7A4F7556}") = "LineParser", "LineParser\LineParser.csproj", "{90CAEF4A-9FE3-46CD-B03C-2BD891B776F8}"
EndProject
Global
	GlobalSection(SolutionConfigurationPlatforms) = preSolution
		Debug|Any CPU = Debug|Any CPU
		Debug|x64 = Debug|x64
		Release|Any CPU = Release|Any CPU
		Release|x64 = Release|x64
	EndGlobalSection
	GlobalSection(ProjectConfigurationPlatforms) = postSolution
		{90CAEF4A-9FE3-46CD-B03C-2BD891B776F8}.Debug|Any CPU.ActiveCfg = Debug|Any CPU
		{90CAEF4A-9FE3-46CD-B03C-2BD891B776F8}.Debug|Any CPU.Build.0 = Debug|Any CPU
		{90CAEF4A-9FE3-46CD-B03C-2BD891B776F8}.Debug|x64.ActiveCfg = Debug|x64
		{90CAEF4A-9FE3-46CD-B03C-2BD891B776F8}.Debug|x64.Build.0 = Debug|x64
		{90CAEF4A-9FE3-46CD-B03C-2BD891B776F8}.Release|Any CPU.ActiveCfg = Release|Any CPU
		{90CAEF4A-9FE3-46CD-B03C-2BD891B776F8}.Release|Any CPU.Build.0 = Release|Any CPU
		{90CAEF4A-9FE3-46CD-B03C-2BD891B776F8}.Release|x64.ActiveCfg = Release|x64
		{90CAEF4A-9FE3-46CD-B03C-2BD891B776F8}.Release|x64.Build.0 = Release|x64
	EndGlobalSection
	GlobalSection(SolutionProperties) = preSolution
		HideSolutionNode = FALSE
	EndGlobalSection
	GlobalSection(ExtensibilityGlobals) = postSolution
		SolutionGuid = {DE5D6A28-7222-4D82-8AF6-DF434E62246E}
	EndGlobalSection
EndGlobal
